// !$*UTF8*$!
{
	archiveVersion = 1;
	classes = {
	};
	objectVersion = 46;
	objects = {

/* Begin PBXBuildFile section */
		97DB9FEB1C278F8E0052D375 /* main.m in Sources */ = {isa = PBXBuildFile; fileRef = 97DB9FEA1C278F8E0052D375 /* main.m */; };
		97DB9FEE1C278F8E0052D375 /* AppDelegate.m in Sources */ = {isa = PBXBuildFile; fileRef = 97DB9FED1C278F8E0052D375 /* AppDelegate.m */; };
		97DB9FF11C278F8E0052D375 /* ViewController.m in Sources */ = {isa = PBXBuildFile; fileRef = 97DB9FF01C278F8E0052D375 /* ViewController.m */; };
		97DB9FF41C278F8E0052D375 /* Main.storyboard in Resources */ = {isa = PBXBuildFile; fileRef = 97DB9FF21C278F8E0052D375 /* Main.storyboard */; };
		97DB9FF61C278F8E0052D375 /* Assets.xcassets in Resources */ = {isa = PBXBuildFile; fileRef = 97DB9FF51C278F8E0052D375 /* Assets.xcassets */; };
		97DB9FF91C278F8E0052D375 /* LaunchScreen.storyboard in Resources */ = {isa = PBXBuildFile; fileRef = 97DB9FF71C278F8E0052D375 /* LaunchScreen.storyboard */; };
		97DBA01C1C2790650052D375 /* UIViewAdditions.m in Sources */ = {isa = PBXBuildFile; fileRef = 97DBA00F1C2790650052D375 /* UIViewAdditions.m */; };
		97DBA01D1C2790650052D375 /* ZSNavigationFilterMenu.m in Sources */ = {isa = PBXBuildFile; fileRef = 97DBA0111C2790650052D375 /* ZSNavigationFilterMenu.m */; };
		97DBA01E1C2790650052D375 /* ZSNavigationFilterMenuCell.m in Sources */ = {isa = PBXBuildFile; fileRef = 97DBA0131C2790650052D375 /* ZSNavigationFilterMenuCell.m */; };
		97DBA01F1C2790650052D375 /* ZSNavigationFilterMenuController.m in Sources */ = {isa = PBXBuildFile; fileRef = 97DBA0151C2790650052D375 /* ZSNavigationFilterMenuController.m */; };
		97DBA0201C2790650052D375 /* ZSDefaultStyleSheet.m in Sources */ = {isa = PBXBuildFile; fileRef = 97DBA0181C2790650052D375 /* ZSDefaultStyleSheet.m */; };
		97DBA0211C2790650052D375 /* ZSStyleSheet.m in Sources */ = {isa = PBXBuildFile; fileRef = 97DBA01B1C2790650052D375 /* ZSStyleSheet.m */; };
		97DBA0581C28F96D0052D375 /* numbers@2x.png in Resources */ = {isa = PBXBuildFile; fileRef = 97DBA0531C28F96D0052D375 /* numbers@2x.png */; };
		97DBA0591C28F96D0052D375 /* offline_files.png in Resources */ = {isa = PBXBuildFile; fileRef = 97DBA0541C28F96D0052D375 /* offline_files.png */; };
		97DBA05A1C28F96D0052D375 /* ok.png in Resources */ = {isa = PBXBuildFile; fileRef = 97DBA0551C28F96D0052D375 /* ok.png */; };
		97DBA05B1C28F96D0052D375 /* pages@2x.png in Resources */ = {isa = PBXBuildFile; fileRef = 97DBA0561C28F96D0052D375 /* pages@2x.png */; };
		97DBA05C1C28F96D0052D375 /* pdf@2x.png in Resources */ = {isa = PBXBuildFile; fileRef = 97DBA0571C28F96D0052D375 /* pdf@2x.png */; };
/* End PBXBuildFile section */

/* Begin PBXFileReference section */
		97DB9FE61C278F8E0052D375 /* ZSNavigationFilterMenuViewDemo.app */ = {isa = PBXFileReference; explicitFileType = wrapper.application; includeInIndex = 0; path = ZSNavigationFilterMenuViewDemo.app; sourceTree = BUILT_PRODUCTS_DIR; };
		97DB9FEA1C278F8E0052D375 /* main.m */ = {isa = PBXFileReference; lastKnownFileType = sourcecode.c.objc; path = main.m; sourceTree = "<group>"; };
		97DB9FEC1C278F8E0052D375 /* AppDelegate.h */ = {isa = PBXFileReference; lastKnownFileType = sourcecode.c.h; path = AppDelegate.h; sourceTree = "<group>"; };
		97DB9FED1C278F8E0052D375 /* AppDelegate.m */ = {isa = PBXFileReference; lastKnownFileType = sourcecode.c.objc; path = AppDelegate.m; sourceTree = "<group>"; };
		97DB9FEF1C278F8E0052D375 /* ViewController.h */ = {isa = PBXFileReference; lastKnownFileType = sourcecode.c.h; path = ViewController.h; sourceTree = "<group>"; };
		97DB9FF01C278F8E0052D375 /* ViewController.m */ = {isa = PBXFileReference; lastKnownFileType = sourcecode.c.objc; path = ViewController.m; sourceTree = "<group>"; };
		97DB9FF31C278F8E0052D375 /* Base */ = {isa = PBXFileReference; lastKnownFileType = file.storyboard; name = Base; path = Base.lproj/Main.storyboard; sourceTree = "<group>"; };
		97DB9FF51C278F8E0052D375 /* Assets.xcassets */ = {isa = PBXFileReference; lastKnownFileType = folder.assetcatalog; path = Assets.xcassets; sourceTree = "<group>"; };
		97DB9FF81C278F8E0052D375 /* Base */ = {isa = PBXFileReference; lastKnownFileType = file.storyboard; name = Base; path = Base.lproj/LaunchScreen.storyboard; sourceTree = "<group>"; };
		97DB9FFA1C278F8E0052D375 /* Info.plist */ = {isa = PBXFileReference; lastKnownFileType = text.plist.xml; path = Info.plist; sourceTree = "<group>"; };
		97DBA00E1C2790650052D375 /* UIViewAdditions.h */ = {isa = PBXFileReference; fileEncoding = 4; lastKnownFileType = sourcecode.c.h; path = UIViewAdditions.h; sourceTree = "<group>"; };
		97DBA00F1C2790650052D375 /* UIViewAdditions.m */ = {isa = PBXFileReference; fileEncoding = 4; lastKnownFileType = sourcecode.c.objc; path = UIViewAdditions.m; sourceTree = "<group>"; };
		97DBA0101C2790650052D375 /* ZSNavigationFilterMenu.h */ = {isa = PBXFileReference; fileEncoding = 4; lastKnownFileType = sourcecode.c.h; path = ZSNavigationFilterMenu.h; sourceTree = "<group>"; };
		97DBA0111C2790650052D375 /* ZSNavigationFilterMenu.m */ = {isa = PBXFileReference; fileEncoding = 4; lastKnownFileType = sourcecode.c.objc; path = ZSNavigationFilterMenu.m; sourceTree = "<group>"; };
		97DBA0121C2790650052D375 /* ZSNavigationFilterMenuCell.h */ = {isa = PBXFileReference; fileEncoding = 4; lastKnownFileType = sourcecode.c.h; path = ZSNavigationFilterMenuCell.h; sourceTree = "<group>"; };
		97DBA0131C2790650052D375 /* ZSNavigationFilterMenuCell.m */ = {isa = PBXFileReference; fileEncoding = 4; lastKnownFileType = sourcecode.c.objc; path = ZSNavigationFilterMenuCell.m; sourceTree = "<group>"; };
		97DBA0141C2790650052D375 /* ZSNavigationFilterMenuController.h */ = {isa = PBXFileReference; fileEncoding = 4; lastKnownFileType = sourcecode.c.h; path = ZSNavigationFilterMenuController.h; sourceTree = "<group>"; };
		97DBA0151C2790650052D375 /* ZSNavigationFilterMenuController.m */ = {isa = PBXFileReference; fileEncoding = 4; lastKnownFileType = sourcecode.c.objc; path = ZSNavigationFilterMenuController.m; sourceTree = "<group>"; };
		97DBA0171C2790650052D375 /* ZSDefaultStyleSheet.h */ = {isa = PBXFileReference; fileEncoding = 4; lastKnownFileType = sourcecode.c.h; path = ZSDefaultStyleSheet.h; sourceTree = "<group>"; };
		97DBA0181C2790650052D375 /* ZSDefaultStyleSheet.m */ = {isa = PBXFileReference; fileEncoding = 4; lastKnownFileType = sourcecode.c.objc; path = ZSDefaultStyleSheet.m; sourceTree = "<group>"; };
		97DBA0191C2790650052D375 /* ZSGlobalStyle.h */ = {isa = PBXFileReference; fileEncoding = 4; lastKnownFileType = sourcecode.c.h; path = ZSGlobalStyle.h; sourceTree = "<group>"; };
		97DBA01A1C2790650052D375 /* ZSStyleSheet.h */ = {isa = PBXFileReference; fileEncoding = 4; lastKnownFileType = sourcecode.c.h; path = ZSStyleSheet.h; sourceTree = "<group>"; };
		97DBA01B1C2790650052D375 /* ZSStyleSheet.m */ = {isa = PBXFileReference; fileEncoding = 4; lastKnownFileType = sourcecode.c.objc; path = ZSStyleSheet.m; sourceTree = "<group>"; };
		97DBA0531C28F96D0052D375 /* numbers@2x.png */ = {isa = PBXFileReference; lastKnownFileType = image.png; path = "numbers@2x.png"; sourceTree = "<group>"; };
		97DBA0541C28F96D0052D375 /* offline_files.png */ = {isa = PBXFileReference; lastKnownFileType = image.png; path = offline_files.png; sourceTree = "<group>"; };
		97DBA0551C28F96D0052D375 /* ok.png */ = {isa = PBXFileReference; lastKnownFileType = image.png; path = ok.png; sourceTree = "<group>"; };
		97DBA0561C28F96D0052D375 /* pages@2x.png */ = {isa = PBXFileReference; lastKnownFileType = image.png; path = "pages@2x.png"; sourceTree = "<group>"; };
		97DBA0571C28F96D0052D375 /* pdf@2x.png */ = {isa = PBXFileReference; lastKnownFileType = image.png; path = "pdf@2x.png"; sourceTree = "<group>"; };
/* End PBXFileReference section */

/* Begin PBXFrameworksBuildPhase section */
		97DB9FE31C278F8E0052D375 /* Frameworks */ = {
			isa = PBXFrameworksBuildPhase;
			buildActionMask = 2147483647;
			files = (
			);
			runOnlyForDeploymentPostprocessing = 0;
		};
/* End PBXFrameworksBuildPhase section */

/* Begin PBXGroup section */
		97DB9FDD1C278F8E0052D375 = {
			isa = PBXGroup;
			children = (
				97DBA00C1C2790650052D375 /* ZSNavigationFilterMenuView */,
				97DB9FE81C278F8E0052D375 /* ZSNavigationFilterMenuViewDemo */,
				97DBA0521C28F96D0052D375 /* Resource */,
				97DB9FE71C278F8E0052D375 /* Products */,
			);
			sourceTree = "<group>";
		};
		97DB9FE71C278F8E0052D375 /* Products */ = {
			isa = PBXGroup;
			children = (
				97DB9FE61C278F8E0052D375 /* ZSNavigationFilterMenuViewDemo.app */,
			);
			name = Products;
			sourceTree = "<group>";
		};
		97DB9FE81C278F8E0052D375 /* ZSNavigationFilterMenuViewDemo */ = {
			isa = PBXGroup;
			children = (
				97DB9FEC1C278F8E0052D375 /* AppDelegate.h */,
				97DB9FED1C278F8E0052D375 /* AppDelegate.m */,
				97DB9FEF1C278F8E0052D375 /* ViewController.h */,
				97DB9FF01C278F8E0052D375 /* ViewController.m */,
				97DB9FF21C278F8E0052D375 /* Main.storyboard */,
				97DB9FF51C278F8E0052D375 /* Assets.xcassets */,
				97DB9FF71C278F8E0052D375 /* LaunchScreen.storyboard */,
				97DB9FFA1C278F8E0052D375 /* Info.plist */,
				97DB9FE91C278F8E0052D375 /* Supporting Files */,
			);
			path = ZSNavigationFilterMenuViewDemo;
			sourceTree = "<group>";
		};
		97DB9FE91C278F8E0052D375 /* Supporting Files */ = {
			isa = PBXGroup;
			children = (
				97DB9FEA1C278F8E0052D375 /* main.m */,
			);
			name = "Supporting Files";
			sourceTree = "<group>";
		};
		97DBA00C1C2790650052D375 /* ZSNavigationFilterMenuView */ = {
			isa = PBXGroup;
			children = (
				97DBA00D1C2790650052D375 /* UIViewAdditions */,
				97DBA0101C2790650052D375 /* ZSNavigationFilterMenu.h */,
				97DBA0111C2790650052D375 /* ZSNavigationFilterMenu.m */,
				97DBA0121C2790650052D375 /* ZSNavigationFilterMenuCell.h */,
				97DBA0131C2790650052D375 /* ZSNavigationFilterMenuCell.m */,
				97DBA0141C2790650052D375 /* ZSNavigationFilterMenuController.h */,
				97DBA0151C2790650052D375 /* ZSNavigationFilterMenuController.m */,
				97DBA0161C2790650052D375 /* ZSStyleSheet */,
			);
			path = ZSNavigationFilterMenuView;
			sourceTree = "<group>";
		};
		97DBA00D1C2790650052D375 /* UIViewAdditions */ = {
			isa = PBXGroup;
			children = (
				97DBA00E1C2790650052D375 /* UIViewAdditions.h */,
				97DBA00F1C2790650052D375 /* UIViewAdditions.m */,
			);
			path = UIViewAdditions;
			sourceTree = "<group>";
		};
		97DBA0161C2790650052D375 /* ZSStyleSheet */ = {
			isa = PBXGroup;
			children = (
				97DBA0171C2790650052D375 /* ZSDefaultStyleSheet.h */,
				97DBA0181C2790650052D375 /* ZSDefaultStyleSheet.m */,
				97DBA0191C2790650052D375 /* ZSGlobalStyle.h */,
				97DBA01A1C2790650052D375 /* ZSStyleSheet.h */,
				97DBA01B1C2790650052D375 /* ZSStyleSheet.m */,
			);
			path = ZSStyleSheet;
			sourceTree = "<group>";
		};
		97DBA0521C28F96D0052D375 /* Resource */ = {
			isa = PBXGroup;
			children = (
				97DBA0531C28F96D0052D375 /* numbers@2x.png */,
				97DBA0541C28F96D0052D375 /* offline_files.png */,
				97DBA0551C28F96D0052D375 /* ok.png */,
				97DBA0561C28F96D0052D375 /* pages@2x.png */,
				97DBA0571C28F96D0052D375 /* pdf@2x.png */,
			);
			path = Resource;
			sourceTree = "<group>";
		};
/* End PBXGroup section */

/* Begin PBXNativeTarget section */
		97DB9FE51C278F8E0052D375 /* ZSNavigationFilterMenuViewDemo */ = {
			isa = PBXNativeTarget;
			buildConfigurationList = 97DB9FFD1C278F8E0052D375 /* Build configuration list for PBXNativeTarget "ZSNavigationFilterMenuViewDemo" */;
			buildPhases = (
				97DB9FE21C278F8E0052D375 /* Sources */,
				97DB9FE31C278F8E0052D375 /* Frameworks */,
				97DB9FE41C278F8E0052D375 /* Resources */,
			);
			buildRules = (
			);
			dependencies = (
			);
			name = ZSNavigationFilterMenuViewDemo;
			productName = ZSNavigationFilterMenuViewDemo;
			productReference = 97DB9FE61C278F8E0052D375 /* ZSNavigationFilterMenuViewDemo.app */;
			productType = "com.apple.product-type.application";
		};
/* End PBXNativeTarget section */

/* Begin PBXProject section */
		97DB9FDE1C278F8E0052D375 /* Project object */ = {
			isa = PBXProject;
			attributes = {
				LastUpgradeCheck = 0720;
				ORGANIZATIONNAME = Sera;
				TargetAttributes = {
					97DB9FE51C278F8E0052D375 = {
						CreatedOnToolsVersion = 7.2;
					};
				};
			};
			buildConfigurationList = 97DB9FE11C278F8E0052D375 /* Build configuration list for PBXProject "ZSNavigationFilterMenuViewDemo" */;
			compatibilityVersion = "Xcode 3.2";
			developmentRegion = English;
			hasScannedForEncodings = 0;
			knownRegions = (
				en,
				Base,
			);
			mainGroup = 97DB9FDD1C278F8E0052D375;
			productRefGroup = 97DB9FE71C278F8E0052D375 /* Products */;
			projectDirPath = "";
			projectRoot = "";
			targets = (
				97DB9FE51C278F8E0052D375 /* ZSNavigationFilterMenuViewDemo */,
			);
		};
/* End PBXProject section */

/* Begin PBXResourcesBuildPhase section */
		97DB9FE41C278F8E0052D375 /* Resources */ = {
			isa = PBXResourcesBuildPhase;
			buildActionMask = 2147483647;
			files = (
				97DB9FF91C278F8E0052D375 /* LaunchScreen.storyboard in Resources */,
				97DBA05C1C28F96D0052D375 /* pdf@2x.png in Resources */,
				97DB9FF61C278F8E0052D375 /* Assets.xcassets in Resources */,
				97DBA05B1C28F96D0052D375 /* pages@2x.png in Resources */,
				97DB9FF41C278F8E0052D375 /* Main.storyboard in Resources */,
				97DBA0591C28F96D0052D375 /* offline_files.png in Resources */,
				97DBA0581C28F96D0052D375 /* numbers@2x.png in Resources */,
				97DBA05A1C28F96D0052D375 /* ok.png in Resources */,
			);
			runOnlyForDeploymentPostprocessing = 0;
		};
/* End PBXResourcesBuildPhase section */

/* Begin PBXSourcesBuildPhase section */
		97DB9FE21C278F8E0052D375 /* Sources */ = {
			isa = PBXSourcesBuildPhase;
			buildActionMask = 2147483647;
			files = (
				97DBA01C1C2790650052D375 /* UIViewAdditions.m in Sources */,
				97DB9FF11C278F8E0052D375 /* ViewController.m in Sources */,
				97DBA01D1C2790650052D375 /* ZSNavigationFilterMenu.m in Sources */,
				97DBA01F1C2790650052D375 /* ZSNavigationFilterMenuController.m in Sources */,
				97DBA0201C2790650052D375 /* ZSDefaultStyleSheet.m in Sources */,
				97DBA01E1C2790650052D375 /* ZSNavigationFilterMenuCell.m in Sources */,
				97DB9FEE1C278F8E0052D375 /* AppDelegate.m in Sources */,
				97DB9FEB1C278F8E0052D375 /* main.m in Sources */,
				97DBA0211C2790650052D375 /* ZSStyleSheet.m in Sources */,
			);
			runOnlyForDeploymentPostprocessing = 0;
		};
/* End PBXSourcesBuildPhase section */

/* Begin PBXVariantGroup section */
		97DB9FF21C278F8E0052D375 /* Main.storyboard */ = {
			isa = PBXVariantGroup;
			children = (
				97DB9FF31C278F8E0052D375 /* Base */,
			);
			name = Main.storyboard;
			sourceTree = "<group>";
		};
		97DB9FF71C278F8E0052D375 /* LaunchScreen.storyboard */ = {
			isa = PBXVariantGroup;
			children = (
				97DB9FF81C278F8E0052D375 /* Base */,
			);
			name = LaunchScreen.storyboard;
			sourceTree = "<group>";
		};
/* End PBXVariantGroup section */

/* Begin XCBuildConfiguration section */
		97DB9FFB1C278F8E0052D375 /* Debug */ = {
			isa = XCBuildConfiguration;
			buildSettings = {
				ALWAYS_SEARCH_USER_PATHS = NO;
				CLANG_CXX_LANGUAGE_STANDARD = "gnu++0x";
				CLANG_CXX_LIBRARY = "libc++";
				CLANG_ENABLE_MODULES = YES;
				CLANG_ENABLE_OBJC_ARC = YES;
				CLANG_WARN_BOOL_CONVERSION = YES;
				CLANG_WARN_CONSTANT_CONVERSION = YES;
				CLANG_WARN_DIRECT_OBJC_ISA_USAGE = YES_ERROR;
				CLANG_WARN_EMPTY_BODY = YES;
				CLANG_WARN_ENUM_CONVERSION = YES;
				CLANG_WARN_INT_CONVERSION = YES;
				CLANG_WARN_OBJC_ROOT_CLASS = YES_ERROR;
				CLANG_WARN_UNREACHABLE_CODE = YES;
				CLANG_WARN__DUPLICATE_METHOD_MATCH = YES;
				"CODE_SIGN_IDENTITY[sdk=iphoneos*]" = "iPhone Developer";
				COPY_PHASE_STRIP = NO;
				DEBUG_INFORMATION_FORMAT = dwarf;
				ENABLE_STRICT_OBJC_MSGSEND = YES;
				ENABLE_TESTABILITY = YES;
				GCC_C_LANGUAGE_STANDARD = gnu99;
				GCC_DYNAMIC_NO_PIC = NO;
				GCC_NO_COMMON_BLOCKS = YES;
				GCC_OPTIMIZATION_LEVEL = 0;
				GCC_PREPROCESSOR_DEFINITIONS = (
					"DEBUG=1",
					"$(inherited)",
				);
				GCC_WARN_64_TO_32_BIT_CONVERSION = YES;
				GCC_WARN_ABOUT_RETURN_TYPE = YES_ERROR;
				GCC_WARN_UNDECLARED_SELECTOR = YES;
				GCC_WARN_UNINITIALIZED_AUTOS = YES_AGGRESSIVE;
				GCC_WARN_UNUSED_FUNCTION = YES;
				GCC_WARN_UNUSED_VARIABLE = YES;
				IPHONEOS_DEPLOYMENT_TARGET = 9.2;
				MTL_ENABLE_DEBUG_INFO = YES;
				ONLY_ACTIVE_ARCH = YES;
				SDKROOT = iphoneos;
			};
			name = Debug;
		};
		97DB9FFC1C278F8E0052D375 /* Release */ = {
			isa = XCBuildConfiguration;
			buildSettings = {
				ALWAYS_SEARCH_USER_PATHS = NO;
				CLANG_CXX_LANGUAGE_STANDARD = "gnu++0x";
				CLANG_CXX_LIBRARY = "libc++";
				CLANG_ENABLE_MODULES = YES;
				CLANG_ENABLE_OBJC_ARC = YES;
				CLANG_WARN_BOOL_CONVERSION = YES;
				CLANG_WARN_CONSTANT_CONVERSION = YES;
				CLANG_WARN_DIRECT_OBJC_ISA_USAGE = YES_ERROR;
				CLANG_WARN_EMPTY_BODY = YES;
				CLANG_WARN_ENUM_CONVERSION = YES;
				CLANG_WARN_INT_CONVERSION = YES;
				CLANG_WARN_OBJC_ROOT_CLASS = YES_ERROR;
				CLANG_WARN_UNREACHABLE_CODE = YES;
				CLANG_WARN__DUPLICATE_METHOD_MATCH = YES;
				"CODE_SIGN_IDENTITY[sdk=iphoneos*]" = "iPhone Developer";
				COPY_PHASE_STRIP = NO;
				DEBUG_INFORMATION_FORMAT = "dwarf-with-dsym";
				ENABLE_NS_ASSERTIONS = NO;
				ENABLE_STRICT_OBJC_MSGSEND = YES;
				GCC_C_LANGUAGE_STANDARD = gnu99;
				GCC_NO_COMMON_BLOCKS = YES;
				GCC_WARN_64_TO_32_BIT_CONVERSION = YES;
				GCC_WARN_ABOUT_RETURN_TYPE = YES_ERROR;
				GCC_WARN_UNDECLARED_SELECTOR = YES;
				GCC_WARN_UNINITIALIZED_AUTOS = YES_AGGRESSIVE;
				GCC_WARN_UNUSED_FUNCTION = YES;
				GCC_WARN_UNUSED_VARIABLE = YES;
				IPHONEOS_DEPLOYMENT_TARGET = 9.2;
				MTL_ENABLE_DEBUG_INFO = NO;
				SDKROOT = iphoneos;
				VALIDATE_PRODUCT = YES;
			};
			name = Release;
		};
		97DB9FFE1C278F8E0052D375 /* Debug */ = {
			isa = XCBuildConfiguration;
			buildSettings = {
				ASSETCATALOG_COMPILER_APPICON_NAME = AppIcon;
				INFOPLIST_FILE = ZSNavigationFilterMenuViewDemo/Info.plist;
				LD_RUNPATH_SEARCH_PATHS = "$(inherited) @executable_path/Frameworks";
				PRODUCT_BUNDLE_IDENTIFIER = cc.icoc.shaoboblog.ZSNavigationFilterMenuViewDemo;
				PRODUCT_NAME = "$(TARGET_NAME)";
			};
			name = Debug;
		};
		97DB9FFF1C278F8E0052D375 /* Release */ = {
			isa = XCBuildConfiguration;
			buildSettings = {
				ASSETCATALOG_COMPILER_APPICON_NAME = AppIcon;
				INFOPLIST_FILE = ZSNavigationFilterMenuViewDemo/Info.plist;
				LD_RUNPATH_SEARCH_PATHS = "$(inherited) @executable_path/Frameworks";
				PRODUCT_BUNDLE_IDENTIFIER = cc.icoc.shaoboblog.ZSNavigationFilterMenuViewDemo;
				PRODUCT_NAME = "$(TARGET_NAME)";
			};
			name = Release;
		};
/* End XCBuildConfiguration section */

/* Begin XCConfigurationList section */
		97DB9FE11C278F8E0052D375 /* Build configuration list for PBXProject "ZSNavigationFilterMenuViewDemo" */ = {
			isa = XCConfigurationList;
			buildConfigurations = (
				97DB9FFB1C278F8E0052D375 /* Debug */,
				97DB9FFC1C278F8E0052D375 /* Release */,
			);
			defaultConfigurationIsVisible = 0;
			defaultConfigurationName = Release;
		};
		97DB9FFD1C278F8E0052D375 /* Build configuration list for PBXNativeTarget "ZSNavigationFilterMenuViewDemo" */ = {
			isa = XCConfigurationList;
			buildConfigurations = (
				97DB9FFE1C278F8E0052D375 /* Debug */,
				97DB9FFF1C278F8E0052D375 /* Release */,
			);
			defaultConfigurationIsVisible = 0;
			defaultConfigurationName = Release;
		};
/* End XCConfigurationList section */
	};
	rootObject = 97DB9FDE1C278F8E0052D375 /* Project object */;
}
